
Microsoft Visual Studio Solution File, Format Version 12.00
# Visual Studio Version 16
VisualStudioVersion = 16.0.31019.35
MinimumVisualStudioVersion = 10.0.40219.1
Project("{FAE04EC0-301F-11D3-BF4B-00C04F79EFBC}") = "HexCoven", "HexCoven\HexCoven.csproj", "{B1708764-916E-4BB4-A053-55D882A20A4B}"
EndProject
Global
	GlobalSection(SolutionConfigurationPlatforms) = preSolution
		Debug|Any CPU = Debug|Any CPU
		Release|Any CPU = Release|Any CPU
	EndGlobalSection
	GlobalSection(ProjectConfigurationPlatforms) = postSolution
		{B1708764-916E-4BB4-A053-55D882A20A4B}.Debug|Any CPU.ActiveCfg = Debug|Any CPU
		{B1708764-916E-4BB4-A053-55D882A20A4B}.Debug|Any CPU.Build.0 = Debug|Any CPU
		{B1708764-916E-4BB4-A053-55D882A20A4B}.Release|Any CPU.ActiveCfg = Release|Any CPU
		{B1708764-916E-4BB4-A053-55D882A20A4B}.Release|Any CPU.Build.0 = Release|Any CPU
	EndGlobalSection
	GlobalSection(SolutionProperties) = preSolution
		HideSolutionNode = FALSE
	EndGlobalSection
	GlobalSection(ExtensibilityGlobals) = postSolution
		SolutionGuid = {4C11AA9F-6BC7-49D7-82FD-501DA5EC0084}
	EndGlobalSection
EndGlobal
